
Microsoft Visual Studio Solution File, Format Version 12.00
# Visual Studio 15
VisualStudioVersion = 15.0.28307.329
MinimumVisualStudioVersion = 10.0.40219.1
Project("{FAE04EC0-301F-11D3-BF4B-00C04F79EFBC}") = "PossibleDecodingsOfDigitSequence", "PossibleDecodingsOfDigitSequence\PossibleDecodingsOfDigitSequence.csproj", "{98EF0D97-9D87-420D-9683-23F045A6784D}"
EndProject
Global
	GlobalSection(SolutionConfigurationPlatforms) = preSolution
		Debug|Any CPU = Debug|Any CPU
		Release|Any CPU = Release|Any CPU
	EndGlobalSection
	GlobalSection(ProjectConfigurationPlatforms) = postSolution
		{98EF0D97-9D87-420D-9683-23F045A6784D}.Debug|Any CPU.ActiveCfg = Debug|Any CPU
		{98EF0D97-9D87-420D-9683-23F045A6784D}.Debug|Any CPU.Build.0 = Debug|Any CPU
		{98EF0D97-9D87-420D-9683-23F045A6784D}.Release|Any CPU.ActiveCfg = Release|Any CPU
		{98EF0D97-9D87-420D-9683-23F045A6784D}.Release|Any CPU.Build.0 = Release|Any CPU
	EndGlobalSection
	GlobalSection(SolutionProperties) = preSolution
		HideSolutionNode = FALSE
	EndGlobalSection
	GlobalSection(ExtensibilityGlobals) = postSolution
		SolutionGuid = {4DA51F1C-9700-4B37-9668-7485B524DC58}
	EndGlobalSection
EndGlobal
